[metadata]
lock_version = 1
declaration_hash_version = 1
declaration_hash = "sha256:dcc275938dae1044aaebc42643d199f84685217c847732158bf23c907b725d14"
generated_by = "ocx 0.3.6"
generated_at = "2026-06-07T14:10:22Z"

[[tool]]
name = "cli"
group = "default"
pinned = "dev.ocx.sh/ocx/cli@sha256:075ff11deda2d9929849cb253293d8674afec325a3a8a75926d72e3f0a0331a7"

[[tool]]
name = "mirror"
group = "default"
pinned = "dev.ocx.sh/ocx/mirror@sha256:76063ca2443f5eca5ce753a56712c70c1f7275115a2a2c0bd3ce25ae111e20fb"
