[metadata]
lock_version = 1
declaration_hash_version = 1
declaration_hash = "sha256:a2748c22a44aad19ffb4dcd016a8dbd7da70f169cb6a45fe2cba834756457dda"
generated_by = "ocx 0.3.6"
generated_at = "2026-07-16T13:32:22Z"

[[tool]]
name = "cli"
group = "default"
pinned = "dev.ocx.sh/ocx/cli@sha256:075ff11deda2d9929849cb253293d8674afec325a3a8a75926d72e3f0a0331a7"

[[tool]]
name = "mirror"
group = "default"
pinned = "dev.ocx.sh/ocx/mirror@sha256:46a248add79174f55626b4476ee54c301a56e7b9742c32f37c3a229b21ab2f86"
