[metadata]
lock_version = 1
declaration_hash_version = 1
declaration_hash = "sha256:006fbb4cafe557d7741dcaf4c0f124dc967146c4b925eee9ab6c18dd8ee82ba5"
generated_by = "ocx 0.3.5"
generated_at = "2026-06-02T19:51:49Z"

[[tool]]
name = "cli"
group = "default"
pinned = "dev.ocx.sh/ocx/cli@sha256:85ec7cb24343bdf9aef33bc56bc7400c7f97e54f75b716cf0ecb77d43f13472d"

[[tool]]
name = "mirror"
group = "default"
pinned = "dev.ocx.sh/ocx/mirror@sha256:f26b247894fc1aff688bf476f15da1ee99c9cd069ec1c57d70b2ada20395c32b"
